
Microsoft Visual Studio Solution File, Format Version 12.00
# Visual Studio Version 16
VisualStudioVersion = 16.0.30503.244
MinimumVisualStudioVersion = 10.0.40219.1
Project("{FAE04EC0-301F-11D3-BF4B-00C04F79EFBC}") = "CitysBalanceBudgetApp", "CitysBalanceBudgetApp\CitysBalanceBudgetApp.csproj", "{A96E86F0-365C-4762-A449-BBF57E55D7A3}"
EndProject
Global
	GlobalSection(SolutionConfigurationPlatforms) = preSolution
		Debug|Any CPU = Debug|Any CPU
		Release|Any CPU = Release|Any CPU
	EndGlobalSection
	GlobalSection(ProjectConfigurationPlatforms) = postSolution
		{A96E86F0-365C-4762-A449-BBF57E55D7A3}.Debug|Any CPU.ActiveCfg = Debug|Any CPU
		{A96E86F0-365C-4762-A449-BBF57E55D7A3}.Debug|Any CPU.Build.0 = Debug|Any CPU
		{A96E86F0-365C-4762-A449-BBF57E55D7A3}.Release|Any CPU.ActiveCfg = Release|Any CPU
		{A96E86F0-365C-4762-A449-BBF57E55D7A3}.Release|Any CPU.Build.0 = Release|Any CPU
	EndGlobalSection
	GlobalSection(SolutionProperties) = preSolution
		HideSolutionNode = FALSE
	EndGlobalSection
	GlobalSection(ExtensibilityGlobals) = postSolution
		SolutionGuid = {04E4B96D-334B-45D3-A91D-0D57D5D98F80}
	EndGlobalSection
EndGlobal
